{
  "name": "@llkennedy/protoc-gen-tsout-test",
  "version": "0.1.0",
  "lockfileVersion": 1,
  "requires": true,
  "dependencies": {
    "@llkennedy/protoc-gen-tsjson": {
      "version": "0.2.1",
      "resolved": "https://registry.npmjs.org/@llkennedy/protoc-gen-tsjson/-/protoc-gen-tsjson-0.2.1.tgz",
      "integrity": "sha512-f575IaA9VHyCBe2LQCNcq2UdIVq9GUi8v+moPX0MYed4vyOzXwBO8VDCt2IA8KNMLai/KrGb7fjM+kKZbLLmzg=="
    }
  }
}
