{
  "name": "@llkennedy/protoc-gen-tsjson-samples",
  "version": "0.2.1",
  "lockfileVersion": 1,
  "requires": true,
  "dependencies": {
    "@llkennedy/protoc-gen-tsjson": {
      "version": "0.4.0-pre4",
      "resolved": "https://registry.npmjs.org/@llkennedy/protoc-gen-tsjson/-/protoc-gen-tsjson-0.4.0-pre4.tgz",
      "integrity": "sha512-e4jGu0zBEwR1QJpYCoNOevVtZiokrgEHm7BmpSbkk9aZveaXVVJzrQ/DuJPzxNVTQ9KUeR5RsBwrL7ZP2OEsWg==",
      "dev": true
    },
    "typescript": {
      "version": "4.2.2",
      "resolved": "https://registry.npmjs.org/typescript/-/typescript-4.2.2.tgz",
      "integrity": "sha512-tbb+NVrLfnsJy3M59lsDgrzWIflR4d4TIUjz+heUnHZwdF7YsrMTKoRERiIvI2lvBG95dfpLxB21WZhys1bgaQ==",
      "dev": true
    }
  }
}
