{
  "name": "@llkennedy/protoc-gen-tsjson-samples",
  "version": "0.2.1",
  "lockfileVersion": 1,
  "requires": true,
  "dependencies": {
    "@llkennedy/protoc-gen-tsjson": {
      "version": "0.4.0-pre2",
      "resolved": "https://registry.npmjs.org/@llkennedy/protoc-gen-tsjson/-/protoc-gen-tsjson-0.4.0-pre2.tgz",
      "integrity": "sha512-LgH6xTspnKHMTnbSMdDbRiIuW8ecfY5+uSJ4JToc0it2r5V9FhNNp6uZNQ7ENy8qZ3y8+Ci2K07JR56jUAA6gw==",
      "dev": true
    },
    "typescript": {
      "version": "4.2.2",
      "resolved": "https://registry.npmjs.org/typescript/-/typescript-4.2.2.tgz",
      "integrity": "sha512-tbb+NVrLfnsJy3M59lsDgrzWIflR4d4TIUjz+heUnHZwdF7YsrMTKoRERiIvI2lvBG95dfpLxB21WZhys1bgaQ==",
      "dev": true
    }
  }
}
