{
  "name": "@llkennedy/protoc-gen-tsjson-samples",
  "version": "0.2.1",
  "lockfileVersion": 1,
  "requires": true,
  "dependencies": {
    "@llkennedy/protoc-gen-tsjson": {
      "version": "0.5.0-pre4",
      "resolved": "https://registry.npmjs.org/@llkennedy/protoc-gen-tsjson/-/protoc-gen-tsjson-0.5.0-pre4.tgz",
      "integrity": "sha512-k+r8vuSgC4uGPTUT3/jyiofToH4EjATWc2oUnBp/pkpO5Kd439o/HFlXn59PocxN7+udWUlcoVPOx77QZmpvXQ==",
      "dev": true,
      "requires": {
        "rfc4648": "^1.4.0"
      }
    },
    "rfc4648": {
      "version": "1.4.0",
      "resolved": "https://registry.npmjs.org/rfc4648/-/rfc4648-1.4.0.tgz",
      "integrity": "sha512-3qIzGhHlMHA6PoT6+cdPKZ+ZqtxkIvg8DZGKA5z6PQ33/uuhoJ+Ws/D/J9rXW6gXodgH8QYlz2UCl+sdUDmNIg==",
      "dev": true
    },
    "typescript": {
      "version": "4.2.2",
      "resolved": "https://registry.npmjs.org/typescript/-/typescript-4.2.2.tgz",
      "integrity": "sha512-tbb+NVrLfnsJy3M59lsDgrzWIflR4d4TIUjz+heUnHZwdF7YsrMTKoRERiIvI2lvBG95dfpLxB21WZhys1bgaQ==",
      "dev": true
    }
  }
}
